
Microsoft Visual Studio Solution File, Format Version 12.00
# Visual Studio Version 17
VisualStudioVersion = 17.10.35122.118
MinimumVisualStudioVersion = 10.0.40219.1
Project("{9A19103F-16F7-4668-BE54-9A1E7A4F7556}") = "MatchGame", "MatchGame.csproj", "{BB5CB430-1541-4427-8C43-5754D1565BD0}"
EndProject
Global
	GlobalSection(SolutionConfigurationPlatforms) = preSolution
		Debug|Any CPU = Debug|Any CPU
		Debug|x64 = Debug|x64
		Release|Any CPU = Release|Any CPU
		Release|x64 = Release|x64
	EndGlobalSection
	GlobalSection(ProjectConfigurationPlatforms) = postSolution
		{BB5CB430-1541-4427-8C43-5754D1565BD0}.Debug|Any CPU.ActiveCfg = Debug|Any CPU
		{BB5CB430-1541-4427-8C43-5754D1565BD0}.Debug|Any CPU.Build.0 = Debug|Any CPU
		{BB5CB430-1541-4427-8C43-5754D1565BD0}.Debug|x64.ActiveCfg = Debug|x64
		{BB5CB430-1541-4427-8C43-5754D1565BD0}.Debug|x64.Build.0 = Debug|x64
		{BB5CB430-1541-4427-8C43-5754D1565BD0}.Release|Any CPU.ActiveCfg = Release|Any CPU
		{BB5CB430-1541-4427-8C43-5754D1565BD0}.Release|Any CPU.Build.0 = Release|Any CPU
		{BB5CB430-1541-4427-8C43-5754D1565BD0}.Release|x64.ActiveCfg = Release|x64
		{BB5CB430-1541-4427-8C43-5754D1565BD0}.Release|x64.Build.0 = Release|x64
	EndGlobalSection
	GlobalSection(SolutionProperties) = preSolution
		HideSolutionNode = FALSE
	EndGlobalSection
	GlobalSection(ExtensibilityGlobals) = postSolution
		SolutionGuid = {90D23655-EDF7-4F5E-864B-6D1DA79315BB}
	EndGlobalSection
EndGlobal
